// !$*UTF8*$!
{
	archiveVersion = 1;
	classes = {
	};
	objectVersion = 55;
	objects = {

/* Begin PBXBuildFile section */
		31CB4D9627611A9400108A12 /* WatchOnlyApp WatchKit App.app in Embed Watch Content */ = {isa = PBXBuildFile; fileRef = 31CB4D9527611A9400108A12 /* WatchOnlyApp WatchKit App.app */; settings = {ATTRIBUTES = (RemoveHeadersOnCopy, ); }; };
		31CB4D9B27611A9600108A12 /* Assets.xcassets in Resources */ = {isa = PBXBuildFile; fileRef = 31CB4D9A27611A9600108A12 /* Assets.xcassets */; };
		31CB4DA127611A9600108A12 /* WatchOnlyApp WatchKit Extension.appex in Embed App Extensions */ = {isa = PBXBuildFile; fileRef = 31CB4DA027611A9600108A12 /* WatchOnlyApp WatchKit Extension.appex */; settings = {ATTRIBUTES = (RemoveHeadersOnCopy, ); }; };
		31CB4DA627611A9600108A12 /* WatchOnlyAppApp.swift in Sources */ = {isa = PBXBuildFile; fileRef = 31CB4DA527611A9600108A12 /* WatchOnlyAppApp.swift */; };
		31CB4DA827611A9600108A12 /* ContentView.swift in Sources */ = {isa = PBXBuildFile; fileRef = 31CB4DA727611A9600108A12 /* ContentView.swift */; };
		31CB4DAA27611A9600108A12 /* NotificationController.swift in Sources */ = {isa = PBXBuildFile; fileRef = 31CB4DA927611A9600108A12 /* NotificationController.swift */; };
		31CB4DAC27611A9600108A12 /* NotificationView.swift in Sources */ = {isa = PBXBuildFile; fileRef = 31CB4DAB27611A9600108A12 /* NotificationView.swift */; };
		31CB4DAE27611A9600108A12 /* ComplicationController.swift in Sources */ = {isa = PBXBuildFile; fileRef = 31CB4DAD27611A9600108A12 /* ComplicationController.swift */; };
		31CB4DB027611A9700108A12 /* Assets.xcassets in Resources */ = {isa = PBXBuildFile; fileRef = 31CB4DAF27611A9700108A12 /* Assets.xcassets */; };
		31CB4DB327611A9700108A12 /* Preview Assets.xcassets in Resources */ = {isa = PBXBuildFile; fileRef = 31CB4DB227611A9700108A12 /* Preview Assets.xcassets */; };
		31CB4DBF27611A9700108A12 /* WatchOnlyAppTests.swift in Sources */ = {isa = PBXBuildFile; fileRef = 31CB4DBE27611A9700108A12 /* WatchOnlyAppTests.swift */; };
		31CB4DC927611A9700108A12 /* WatchOnlyAppUITests.swift in Sources */ = {isa = PBXBuildFile; fileRef = 31CB4DC827611A9700108A12 /* WatchOnlyAppUITests.swift */; };
		31CB4DCB27611A9700108A12 /* WatchOnlyAppUITestsLaunchTests.swift in Sources */ = {isa = PBXBuildFile; fileRef = 31CB4DCA27611A9700108A12 /* WatchOnlyAppUITestsLaunchTests.swift */; };
/* End PBXBuildFile section */

/* Begin PBXContainerItemProxy section */
		31CB4D9727611A9400108A12 /* PBXContainerItemProxy */ = {
			isa = PBXContainerItemProxy;
			containerPortal = 31CB4D8B27611A9400108A12 /* Project object */;
			proxyType = 1;
			remoteGlobalIDString = 31CB4D9427611A9400108A12;
			remoteInfo = "WatchOnlyApp WatchKit App";
		};
		31CB4DA227611A9600108A12 /* PBXContainerItemProxy */ = {
			isa = PBXContainerItemProxy;
			containerPortal = 31CB4D8B27611A9400108A12 /* Project object */;
			proxyType = 1;
			remoteGlobalIDString = 31CB4D9F27611A9600108A12;
			remoteInfo = "WatchOnlyApp WatchKit Extension";
		};
		31CB4DBB27611A9700108A12 /* PBXContainerItemProxy */ = {
			isa = PBXContainerItemProxy;
			containerPortal = 31CB4D8B27611A9400108A12 /* Project object */;
			proxyType = 1;
			remoteGlobalIDString = 31CB4D9F27611A9600108A12;
			remoteInfo = "WatchOnlyApp WatchKit Extension";
		};
		31CB4DC527611A9700108A12 /* PBXContainerItemProxy */ = {
			isa = PBXContainerItemProxy;
			containerPortal = 31CB4D8B27611A9400108A12 /* Project object */;
			proxyType = 1;
			remoteGlobalIDString = 31CB4D9427611A9400108A12;
			remoteInfo = "WatchOnlyApp WatchKit App";
		};
/* End PBXContainerItemProxy section */

/* Begin PBXCopyFilesBuildPhase section */
		31CB4DD127611A9700108A12 /* Embed App Extensions */ = {
			isa = PBXCopyFilesBuildPhase;
			buildActionMask = 2147483647;
			dstPath = "";
			dstSubfolderSpec = 13;
			files = (
				31CB4DA127611A9600108A12 /* WatchOnlyApp WatchKit Extension.appex in Embed App Extensions */,
			);
			name = "Embed App Extensions";
			runOnlyForDeploymentPostprocessing = 0;
		};
		31CB4DD527611A9700108A12 /* Embed Watch Content */ = {
			isa = PBXCopyFilesBuildPhase;
			buildActionMask = 2147483647;
			dstPath = "$(CONTENTS_FOLDER_PATH)/Watch";
			dstSubfolderSpec = 16;
			files = (
				31CB4D9627611A9400108A12 /* WatchOnlyApp WatchKit App.app in Embed Watch Content */,
			);
			name = "Embed Watch Content";
			runOnlyForDeploymentPostprocessing = 0;
		};
/* End PBXCopyFilesBuildPhase section */

/* Begin PBXFileReference section */
		31CB4D9127611A9400108A12 /* WatchOnlyApp.app */ = {isa = PBXFileReference; explicitFileType = wrapper.application; includeInIndex = 0; path = WatchOnlyApp.app; sourceTree = BUILT_PRODUCTS_DIR; };
		31CB4D9527611A9400108A12 /* WatchOnlyApp WatchKit App.app */ = {isa = PBXFileReference; explicitFileType = wrapper.application; includeInIndex = 0; path = "WatchOnlyApp WatchKit App.app"; sourceTree = BUILT_PRODUCTS_DIR; };
		31CB4D9A27611A9600108A12 /* Assets.xcassets */ = {isa = PBXFileReference; lastKnownFileType = folder.assetcatalog; path = Assets.xcassets; sourceTree = "<group>"; };
		31CB4DA027611A9600108A12 /* WatchOnlyApp WatchKit Extension.appex */ = {isa = PBXFileReference; explicitFileType = "wrapper.app-extension"; includeInIndex = 0; path = "WatchOnlyApp WatchKit Extension.appex"; sourceTree = BUILT_PRODUCTS_DIR; };
		31CB4DA527611A9600108A12 /* WatchOnlyAppApp.swift */ = {isa = PBXFileReference; lastKnownFileType = sourcecode.swift; path = WatchOnlyAppApp.swift; sourceTree = "<group>"; };
		31CB4DA727611A9600108A12 /* ContentView.swift */ = {isa = PBXFileReference; lastKnownFileType = sourcecode.swift; path = ContentView.swift; sourceTree = "<group>"; };
		31CB4DA927611A9600108A12 /* NotificationController.swift */ = {isa = PBXFileReference; lastKnownFileType = sourcecode.swift; path = NotificationController.swift; sourceTree = "<group>"; };
		31CB4DAB27611A9600108A12 /* NotificationView.swift */ = {isa = PBXFileReference; lastKnownFileType = sourcecode.swift; path = NotificationView.swift; sourceTree = "<group>"; };
		31CB4DAD27611A9600108A12 /* ComplicationController.swift */ = {isa = PBXFileReference; lastKnownFileType = sourcecode.swift; path = ComplicationController.swift; sourceTree = "<group>"; };
		31CB4DAF27611A9700108A12 /* Assets.xcassets */ = {isa = PBXFileReference; lastKnownFileType = folder.assetcatalog; path = Assets.xcassets; sourceTree = "<group>"; };
		31CB4DB227611A9700108A12 /* Preview Assets.xcassets */ = {isa = PBXFileReference; lastKnownFileType = folder.assetcatalog; path = "Preview Assets.xcassets"; sourceTree = "<group>"; };
		31CB4DB427611A9700108A12 /* Info.plist */ = {isa = PBXFileReference; lastKnownFileType = text.plist.xml; path = Info.plist; sourceTree = "<group>"; };
		31CB4DB527611A9700108A12 /* PushNotificationPayload.apns */ = {isa = PBXFileReference; lastKnownFileType = text; path = PushNotificationPayload.apns; sourceTree = "<group>"; };
		31CB4DBA27611A9700108A12 /* WatchOnlyAppTests.xctest */ = {isa = PBXFileReference; explicitFileType = wrapper.cfbundle; includeInIndex = 0; path = WatchOnlyAppTests.xctest; sourceTree = BUILT_PRODUCTS_DIR; };
		31CB4DBE27611A9700108A12 /* WatchOnlyAppTests.swift */ = {isa = PBXFileReference; lastKnownFileType = sourcecode.swift; path = WatchOnlyAppTests.swift; sourceTree = "<group>"; };
		31CB4DC427611A9700108A12 /* WatchOnlyAppUITests.xctest */ = {isa = PBXFileReference; explicitFileType = wrapper.cfbundle; includeInIndex = 0; path = WatchOnlyAppUITests.xctest; sourceTree = BUILT_PRODUCTS_DIR; };
		31CB4DC827611A9700108A12 /* WatchOnlyAppUITests.swift */ = {isa = PBXFileReference; lastKnownFileType = sourcecode.swift; path = WatchOnlyAppUITests.swift; sourceTree = "<group>"; };
		31CB4DCA27611A9700108A12 /* WatchOnlyAppUITestsLaunchTests.swift */ = {isa = PBXFileReference; lastKnownFileType = sourcecode.swift; path = WatchOnlyAppUITestsLaunchTests.swift; sourceTree = "<group>"; };
/* End PBXFileReference section */

/* Begin PBXFrameworksBuildPhase section */
		31CB4D9D27611A9600108A12 /* Frameworks */ = {
			isa = PBXFrameworksBuildPhase;
			buildActionMask = 2147483647;
			files = (
			);
			runOnlyForDeploymentPostprocessing = 0;
		};
		31CB4DB727611A9700108A12 /* Frameworks */ = {
			isa = PBXFrameworksBuildPhase;
			buildActionMask = 2147483647;
			files = (
			);
			runOnlyForDeploymentPostprocessing = 0;
		};
		31CB4DC127611A9700108A12 /* Frameworks */ = {
			isa = PBXFrameworksBuildPhase;
			buildActionMask = 2147483647;
			files = (
			);
			runOnlyForDeploymentPostprocessing = 0;
		};
/* End PBXFrameworksBuildPhase section */

/* Begin PBXGroup section */
		31CB4D8A27611A9400108A12 = {
			isa = PBXGroup;
			children = (
				31CB4D9927611A9400108A12 /* WatchOnlyApp WatchKit App */,
				31CB4DA427611A9600108A12 /* WatchOnlyApp WatchKit Extension */,
				31CB4DBD27611A9700108A12 /* WatchOnlyAppTests */,
				31CB4DC727611A9700108A12 /* WatchOnlyAppUITests */,
				31CB4D9227611A9400108A12 /* Products */,
			);
			sourceTree = "<group>";
		};
		31CB4D9227611A9400108A12 /* Products */ = {
			isa = PBXGroup;
			children = (
				31CB4D9127611A9400108A12 /* WatchOnlyApp.app */,
				31CB4D9527611A9400108A12 /* WatchOnlyApp WatchKit App.app */,
				31CB4DA027611A9600108A12 /* WatchOnlyApp WatchKit Extension.appex */,
				31CB4DBA27611A9700108A12 /* WatchOnlyAppTests.xctest */,
				31CB4DC427611A9700108A12 /* WatchOnlyAppUITests.xctest */,
			);
			name = Products;
			sourceTree = "<group>";
		};
		31CB4D9927611A9400108A12 /* WatchOnlyApp WatchKit App */ = {
			isa = PBXGroup;
			children = (
				31CB4D9A27611A9600108A12 /* Assets.xcassets */,
			);
			path = "WatchOnlyApp WatchKit App";
			sourceTree = "<group>";
		};
		31CB4DA427611A9600108A12 /* WatchOnlyApp WatchKit Extension */ = {
			isa = PBXGroup;
			children = (
				31CB4DA527611A9600108A12 /* WatchOnlyAppApp.swift */,
				31CB4DA727611A9600108A12 /* ContentView.swift */,
				31CB4DA927611A9600108A12 /* NotificationController.swift */,
				31CB4DAB27611A9600108A12 /* NotificationView.swift */,
				31CB4DAD27611A9600108A12 /* ComplicationController.swift */,
				31CB4DAF27611A9700108A12 /* Assets.xcassets */,
				31CB4DB427611A9700108A12 /* Info.plist */,
				31CB4DB527611A9700108A12 /* PushNotificationPayload.apns */,
				31CB4DB127611A9700108A12 /* Preview Content */,
			);
			path = "WatchOnlyApp WatchKit Extension";
			sourceTree = "<group>";
		};
		31CB4DB127611A9700108A12 /* Preview Content */ = {
			isa = PBXGroup;
			children = (
				31CB4DB227611A9700108A12 /* Preview Assets.xcassets */,
			);
			path = "Preview Content";
			sourceTree = "<group>";
		};
		31CB4DBD27611A9700108A12 /* WatchOnlyAppTests */ = {
			isa = PBXGroup;
			children = (
				31CB4DBE27611A9700108A12 /* WatchOnlyAppTests.swift */,
			);
			path = WatchOnlyAppTests;
			sourceTree = "<group>";
		};
		31CB4DC727611A9700108A12 /* WatchOnlyAppUITests */ = {
			isa = PBXGroup;
			children = (
				31CB4DC827611A9700108A12 /* WatchOnlyAppUITests.swift */,
				31CB4DCA27611A9700108A12 /* WatchOnlyAppUITestsLaunchTests.swift */,
			);
			path = WatchOnlyAppUITests;
			sourceTree = "<group>";
		};
/* End PBXGroup section */

/* Begin PBXNativeTarget section */
		31CB4D9027611A9400108A12 /* WatchOnlyApp */ = {
			isa = PBXNativeTarget;
			buildConfigurationList = 31CB4DD627611A9700108A12 /* Build configuration list for PBXNativeTarget "WatchOnlyApp" */;
			buildPhases = (
				31CB4D8F27611A9400108A12 /* Resources */,
				31CB4DD527611A9700108A12 /* Embed Watch Content */,
			);
			buildRules = (
			);
			dependencies = (
				31CB4D9827611A9400108A12 /* PBXTargetDependency */,
			);
			name = WatchOnlyApp;
			productName = WatchOnlyApp;
			productReference = 31CB4D9127611A9400108A12 /* WatchOnlyApp.app */;
			productType = "com.apple.product-type.application.watchapp2-container";
		};
		31CB4D9427611A9400108A12 /* WatchOnlyApp WatchKit App */ = {
			isa = PBXNativeTarget;
			buildConfigurationList = 31CB4DD227611A9700108A12 /* Build configuration list for PBXNativeTarget "WatchOnlyApp WatchKit App" */;
			buildPhases = (
				31CB4D9327611A9400108A12 /* Resources */,
				31CB4DD127611A9700108A12 /* Embed App Extensions */,
			);
			buildRules = (
			);
			dependencies = (
				31CB4DA327611A9600108A12 /* PBXTargetDependency */,
			);
			name = "WatchOnlyApp WatchKit App";
			productName = "WatchOnlyApp WatchKit App";
			productReference = 31CB4D9527611A9400108A12 /* WatchOnlyApp WatchKit App.app */;
			productType = "com.apple.product-type.application.watchapp2";
		};
		31CB4D9F27611A9600108A12 /* WatchOnlyApp WatchKit Extension */ = {
			isa = PBXNativeTarget;
			buildConfigurationList = 31CB4DCE27611A9700108A12 /* Build configuration list for PBXNativeTarget "WatchOnlyApp WatchKit Extension" */;
			buildPhases = (
				31CB4D9C27611A9600108A12 /* Sources */,
				31CB4D9D27611A9600108A12 /* Frameworks */,
				31CB4D9E27611A9600108A12 /* Resources */,
			);
			buildRules = (
			);
			dependencies = (
			);
			name = "WatchOnlyApp WatchKit Extension";
			productName = "WatchOnlyApp WatchKit Extension";
			productReference = 31CB4DA027611A9600108A12 /* WatchOnlyApp WatchKit Extension.appex */;
			productType = "com.apple.product-type.watchkit2-extension";
		};
		31CB4DB927611A9700108A12 /* WatchOnlyAppTests */ = {
			isa = PBXNativeTarget;
			buildConfigurationList = 31CB4DD927611A9700108A12 /* Build configuration list for PBXNativeTarget "WatchOnlyAppTests" */;
			buildPhases = (
				31CB4DB627611A9700108A12 /* Sources */,
				31CB4DB727611A9700108A12 /* Frameworks */,
				31CB4DB827611A9700108A12 /* Resources */,
			);
			buildRules = (
			);
			dependencies = (
				31CB4DBC27611A9700108A12 /* PBXTargetDependency */,
			);
			name = WatchOnlyAppTests;
			productName = WatchOnlyAppTests;
			productReference = 31CB4DBA27611A9700108A12 /* WatchOnlyAppTests.xctest */;
			productType = "com.apple.product-type.bundle.unit-test";
		};
		31CB4DC327611A9700108A12 /* WatchOnlyAppUITests */ = {
			isa = PBXNativeTarget;
			buildConfigurationList = 31CB4DDC27611A9700108A12 /* Build configuration list for PBXNativeTarget "WatchOnlyAppUITests" */;
			buildPhases = (
				31CB4DC027611A9700108A12 /* Sources */,
				31CB4DC127611A9700108A12 /* Frameworks */,
				31CB4DC227611A9700108A12 /* Resources */,
			);
			buildRules = (
			);
			dependencies = (
				31CB4DC627611A9700108A12 /* PBXTargetDependency */,
			);
			name = WatchOnlyAppUITests;
			productName = WatchOnlyAppUITests;
			productReference = 31CB4DC427611A9700108A12 /* WatchOnlyAppUITests.xctest */;
			productType = "com.apple.product-type.bundle.ui-testing";
		};
/* End PBXNativeTarget section */

/* Begin PBXProject section */
		31CB4D8B27611A9400108A12 /* Project object */ = {
			isa = PBXProject;
			attributes = {
				BuildIndependentTargetsInParallel = 1;
				LastSwiftUpdateCheck = 1300;
				LastUpgradeCheck = 1300;
				TargetAttributes = {
					31CB4D9027611A9400108A12 = {
						CreatedOnToolsVersion = 13.0;
					};
					31CB4D9427611A9400108A12 = {
						CreatedOnToolsVersion = 13.0;
					};
					31CB4D9F27611A9600108A12 = {
						CreatedOnToolsVersion = 13.0;
					};
					31CB4DB927611A9700108A12 = {
						CreatedOnToolsVersion = 13.0;
						TestTargetID = 31CB4D9F27611A9600108A12;
					};
					31CB4DC327611A9700108A12 = {
						CreatedOnToolsVersion = 13.0;
						TestTargetID = 31CB4D9427611A9400108A12;
					};
				};
			};
			buildConfigurationList = 31CB4D8E27611A9400108A12 /* Build configuration list for PBXProject "WatchOnlyApp" */;
			compatibilityVersion = "Xcode 13.0";
			developmentRegion = en;
			hasScannedForEncodings = 0;
			knownRegions = (
				en,
				Base,
			);
			mainGroup = 31CB4D8A27611A9400108A12;
			productRefGroup = 31CB4D9227611A9400108A12 /* Products */;
			projectDirPath = "";
			projectRoot = "";
			targets = (
				31CB4D9027611A9400108A12 /* WatchOnlyApp */,
				31CB4D9427611A9400108A12 /* WatchOnlyApp WatchKit App */,
				31CB4D9F27611A9600108A12 /* WatchOnlyApp WatchKit Extension */,
				31CB4DB927611A9700108A12 /* WatchOnlyAppTests */,
				31CB4DC327611A9700108A12 /* WatchOnlyAppUITests */,
			);
		};
/* End PBXProject section */

/* Begin PBXResourcesBuildPhase section */
		31CB4D8F27611A9400108A12 /* Resources */ = {
			isa = PBXResourcesBuildPhase;
			buildActionMask = 2147483647;
			files = (
			);
			runOnlyForDeploymentPostprocessing = 0;
		};
		31CB4D9327611A9400108A12 /* Resources */ = {
			isa = PBXResourcesBuildPhase;
			buildActionMask = 2147483647;
			files = (
				31CB4D9B27611A9600108A12 /* Assets.xcassets in Resources */,
			);
			runOnlyForDeploymentPostprocessing = 0;
		};
		31CB4D9E27611A9600108A12 /* Resources */ = {
			isa = PBXResourcesBuildPhase;
			buildActionMask = 2147483647;
			files = (
				31CB4DB327611A9700108A12 /* Preview Assets.xcassets in Resources */,
				31CB4DB027611A9700108A12 /* Assets.xcassets in Resources */,
			);
			runOnlyForDeploymentPostprocessing = 0;
		};
		31CB4DB827611A9700108A12 /* Resources */ = {
			isa = PBXResourcesBuildPhase;
			buildActionMask = 2147483647;
			files = (
			);
			runOnlyForDeploymentPostprocessing = 0;
		};
		31CB4DC227611A9700108A12 /* Resources */ = {
			isa = PBXResourcesBuildPhase;
			buildActionMask = 2147483647;
			files = (
			);
			runOnlyForDeploymentPostprocessing = 0;
		};
/* End PBXResourcesBuildPhase section */

/* Begin PBXSourcesBuildPhase section */
		31CB4D9C27611A9600108A12 /* Sources */ = {
			isa = PBXSourcesBuildPhase;
			buildActionMask = 2147483647;
			files = (
				31CB4DAA27611A9600108A12 /* NotificationController.swift in Sources */,
				31CB4DA827611A9600108A12 /* ContentView.swift in Sources */,
				31CB4DAE27611A9600108A12 /* ComplicationController.swift in Sources */,
				31CB4DA627611A9600108A12 /* WatchOnlyAppApp.swift in Sources */,
				31CB4DAC27611A9600108A12 /* NotificationView.swift in Sources */,
			);
			runOnlyForDeploymentPostprocessing = 0;
		};
		31CB4DB627611A9700108A12 /* Sources */ = {
			isa = PBXSourcesBuildPhase;
			buildActionMask = 2147483647;
			files = (
				31CB4DBF27611A9700108A12 /* WatchOnlyAppTests.swift in Sources */,
			);
			runOnlyForDeploymentPostprocessing = 0;
		};
		31CB4DC027611A9700108A12 /* Sources */ = {
			isa = PBXSourcesBuildPhase;
			buildActionMask = 2147483647;
			files = (
				31CB4DCB27611A9700108A12 /* WatchOnlyAppUITestsLaunchTests.swift in Sources */,
				31CB4DC927611A9700108A12 /* WatchOnlyAppUITests.swift in Sources */,
			);
			runOnlyForDeploymentPostprocessing = 0;
		};
/* End PBXSourcesBuildPhase section */

/* Begin PBXTargetDependency section */
		31CB4D9827611A9400108A12 /* PBXTargetDependency */ = {
			isa = PBXTargetDependency;
			target = 31CB4D9427611A9400108A12 /* WatchOnlyApp WatchKit App */;
			targetProxy = 31CB4D9727611A9400108A12 /* PBXContainerItemProxy */;
		};
		31CB4DA327611A9600108A12 /* PBXTargetDependency */ = {
			isa = PBXTargetDependency;
			target = 31CB4D9F27611A9600108A12 /* WatchOnlyApp WatchKit Extension */;
			targetProxy = 31CB4DA227611A9600108A12 /* PBXContainerItemProxy */;
		};
		31CB4DBC27611A9700108A12 /* PBXTargetDependency */ = {
			isa = PBXTargetDependency;
			target = 31CB4D9F27611A9600108A12 /* WatchOnlyApp WatchKit Extension */;
			targetProxy = 31CB4DBB27611A9700108A12 /* PBXContainerItemProxy */;
		};
		31CB4DC627611A9700108A12 /* PBXTargetDependency */ = {
			isa = PBXTargetDependency;
			target = 31CB4D9427611A9400108A12 /* WatchOnlyApp WatchKit App */;
			targetProxy = 31CB4DC527611A9700108A12 /* PBXContainerItemProxy */;
		};
/* End PBXTargetDependency section */

/* Begin XCBuildConfiguration section */
		31CB4DCC27611A9700108A12 /* Debug */ = {
			isa = XCBuildConfiguration;
			buildSettings = {
				ALWAYS_SEARCH_USER_PATHS = NO;
				CLANG_ANALYZER_NONNULL = YES;
				CLANG_ANALYZER_NUMBER_OBJECT_CONVERSION = YES_AGGRESSIVE;
				CLANG_CXX_LANGUAGE_STANDARD = "gnu++17";
				CLANG_CXX_LIBRARY = "libc++";
				CLANG_ENABLE_MODULES = YES;
				CLANG_ENABLE_OBJC_ARC = YES;
				CLANG_ENABLE_OBJC_WEAK = YES;
				CLANG_WARN_BLOCK_CAPTURE_AUTORELEASING = YES;
				CLANG_WARN_BOOL_CONVERSION = YES;
				CLANG_WARN_COMMA = YES;
				CLANG_WARN_CONSTANT_CONVERSION = YES;
				CLANG_WARN_DEPRECATED_OBJC_IMPLEMENTATIONS = YES;
				CLANG_WARN_DIRECT_OBJC_ISA_USAGE = YES_ERROR;
				CLANG_WARN_DOCUMENTATION_COMMENTS = YES;
				CLANG_WARN_EMPTY_BODY = YES;
				CLANG_WARN_ENUM_CONVERSION = YES;
				CLANG_WARN_INFINITE_RECURSION = YES;
				CLANG_WARN_INT_CONVERSION = YES;
				CLANG_WARN_NON_LITERAL_NULL_CONVERSION = YES;
				CLANG_WARN_OBJC_IMPLICIT_RETAIN_SELF = YES;
				CLANG_WARN_OBJC_LITERAL_CONVERSION = YES;
				CLANG_WARN_OBJC_ROOT_CLASS = YES_ERROR;
				CLANG_WARN_QUOTED_INCLUDE_IN_FRAMEWORK_HEADER = YES;
				CLANG_WARN_RANGE_LOOP_ANALYSIS = YES;
				CLANG_WARN_STRICT_PROTOTYPES = YES;
				CLANG_WARN_SUSPICIOUS_MOVE = YES;
				CLANG_WARN_UNGUARDED_AVAILABILITY = YES_AGGRESSIVE;
				CLANG_WARN_UNREACHABLE_CODE = YES;
				CLANG_WARN__DUPLICATE_METHOD_MATCH = YES;
				COPY_PHASE_STRIP = NO;
				DEBUG_INFORMATION_FORMAT = dwarf;
				ENABLE_STRICT_OBJC_MSGSEND = YES;
				ENABLE_TESTABILITY = YES;
				GCC_C_LANGUAGE_STANDARD = gnu11;
				GCC_DYNAMIC_NO_PIC = NO;
				GCC_NO_COMMON_BLOCKS = YES;
				GCC_OPTIMIZATION_LEVEL = 0;
				GCC_PREPROCESSOR_DEFINITIONS = (
					"DEBUG=1",
					"$(inherited)",
				);
				GCC_WARN_64_TO_32_BIT_CONVERSION = YES;
				GCC_WARN_ABOUT_RETURN_TYPE = YES_ERROR;
				GCC_WARN_UNDECLARED_SELECTOR = YES;
				GCC_WARN_UNINITIALIZED_AUTOS = YES_AGGRESSIVE;
				GCC_WARN_UNUSED_FUNCTION = YES;
				GCC_WARN_UNUSED_VARIABLE = YES;
				MTL_ENABLE_DEBUG_INFO = INCLUDE_SOURCE;
				MTL_FAST_MATH = YES;
				ONLY_ACTIVE_ARCH = YES;
				SDKROOT = iphoneos;
				SWIFT_ACTIVE_COMPILATION_CONDITIONS = DEBUG;
				SWIFT_OPTIMIZATION_LEVEL = "-Onone";
			};
			name = Debug;
		};
		31CB4DCD27611A9700108A12 /* Release */ = {
			isa = XCBuildConfiguration;
			buildSettings = {
				ALWAYS_SEARCH_USER_PATHS = NO;
				CLANG_ANALYZER_NONNULL = YES;
				CLANG_ANALYZER_NUMBER_OBJECT_CONVERSION = YES_AGGRESSIVE;
				CLANG_CXX_LANGUAGE_STANDARD = "gnu++17";
				CLANG_CXX_LIBRARY = "libc++";
				CLANG_ENABLE_MODULES = YES;
				CLANG_ENABLE_OBJC_ARC = YES;
				CLANG_ENABLE_OBJC_WEAK = YES;
				CLANG_WARN_BLOCK_CAPTURE_AUTORELEASING = YES;
				CLANG_WARN_BOOL_CONVERSION = YES;
				CLANG_WARN_COMMA = YES;
				CLANG_WARN_CONSTANT_CONVERSION = YES;
				CLANG_WARN_DEPRECATED_OBJC_IMPLEMENTATIONS = YES;
				CLANG_WARN_DIRECT_OBJC_ISA_USAGE = YES_ERROR;
				CLANG_WARN_DOCUMENTATION_COMMENTS = YES;
				CLANG_WARN_EMPTY_BODY = YES;
				CLANG_WARN_ENUM_CONVERSION = YES;
				CLANG_WARN_INFINITE_RECURSION = YES;
				CLANG_WARN_INT_CONVERSION = YES;
				CLANG_WARN_NON_LITERAL_NULL_CONVERSION = YES;
				CLANG_WARN_OBJC_IMPLICIT_RETAIN_SELF = YES;
				CLANG_WARN_OBJC_LITERAL_CONVERSION = YES;
				CLANG_WARN_OBJC_ROOT_CLASS = YES_ERROR;
				CLANG_WARN_QUOTED_INCLUDE_IN_FRAMEWORK_HEADER = YES;
				CLANG_WARN_RANGE_LOOP_ANALYSIS = YES;
				CLANG_WARN_STRICT_PROTOTYPES = YES;
				CLANG_WARN_SUSPICIOUS_MOVE = YES;
				CLANG_WARN_UNGUARDED_AVAILABILITY = YES_AGGRESSIVE;
				CLANG_WARN_UNREACHABLE_CODE = YES;
				CLANG_WARN__DUPLICATE_METHOD_MATCH = YES;
				COPY_PHASE_STRIP = NO;
				DEBUG_INFORMATION_FORMAT = "dwarf-with-dsym";
				ENABLE_NS_ASSERTIONS = NO;
				ENABLE_STRICT_OBJC_MSGSEND = YES;
				GCC_C_LANGUAGE_STANDARD = gnu11;
				GCC_NO_COMMON_BLOCKS = YES;
				GCC_WARN_64_TO_32_BIT_CONVERSION = YES;
				GCC_WARN_ABOUT_RETURN_TYPE = YES_ERROR;
				GCC_WARN_UNDECLARED_SELECTOR = YES;
				GCC_WARN_UNINITIALIZED_AUTOS = YES_AGGRESSIVE;
				GCC_WARN_UNUSED_FUNCTION = YES;
				GCC_WARN_UNUSED_VARIABLE = YES;
				MTL_ENABLE_DEBUG_INFO = NO;
				MTL_FAST_MATH = YES;
				SDKROOT = iphoneos;
				SWIFT_COMPILATION_MODE = wholemodule;
				SWIFT_OPTIMIZATION_LEVEL = "-O";
				VALIDATE_PRODUCT = YES;
			};
			name = Release;
		};
		31CB4DCF27611A9700108A12 /* Debug */ = {
			isa = XCBuildConfiguration;
			buildSettings = {
				ASSETCATALOG_COMPILER_COMPLICATION_NAME = Complication;
				CODE_SIGN_STYLE = Automatic;
				CURRENT_PROJECT_VERSION = 1;
				DEVELOPMENT_ASSET_PATHS = "\"WatchOnlyApp WatchKit Extension/Preview Content\"";
				DEVELOPMENT_TEAM = KUN9FDAF5L;
				ENABLE_PREVIEWS = YES;
				GENERATE_INFOPLIST_FILE = YES;
				INFOPLIST_FILE = "WatchOnlyApp WatchKit Extension/Info.plist";
				INFOPLIST_KEY_CFBundleDisplayName = "WatchOnlyApp WatchKit Extension";
				INFOPLIST_KEY_CLKComplicationPrincipalClass = "$(PRODUCT_MODULE_NAME).ComplicationController";
				INFOPLIST_KEY_NSHumanReadableCopyright = "";
				INFOPLIST_KEY_WKWatchOnly = YES;
				LD_RUNPATH_SEARCH_PATHS = (
					"$(inherited)",
					"@executable_path/Frameworks",
					"@executable_path/../../Frameworks",
				);
				MARKETING_VERSION = 1.0;
				PRODUCT_BUNDLE_IDENTIFIER = com.test.WatchOnlyApp.watchkitapp.watchkitextension;
				PRODUCT_NAME = "${TARGET_NAME}";
				SDKROOT = watchos;
				SKIP_INSTALL = YES;
				SWIFT_EMIT_LOC_STRINGS = YES;
				SWIFT_VERSION = 5.0;
				TARGETED_DEVICE_FAMILY = 4;
				WATCHOS_DEPLOYMENT_TARGET = 8.0;
			};
			name = Debug;
		};
		31CB4DD027611A9700108A12 /* Release */ = {
			isa = XCBuildConfiguration;
			buildSettings = {
				ASSETCATALOG_COMPILER_COMPLICATION_NAME = Complication;
				CODE_SIGN_STYLE = Automatic;
				CURRENT_PROJECT_VERSION = 1;
				DEVELOPMENT_ASSET_PATHS = "\"WatchOnlyApp WatchKit Extension/Preview Content\"";
				DEVELOPMENT_TEAM = KUN9FDAF5L;
				ENABLE_PREVIEWS = YES;
				GENERATE_INFOPLIST_FILE = YES;
				INFOPLIST_FILE = "WatchOnlyApp WatchKit Extension/Info.plist";
				INFOPLIST_KEY_CFBundleDisplayName = "WatchOnlyApp WatchKit Extension";
				INFOPLIST_KEY_CLKComplicationPrincipalClass = "$(PRODUCT_MODULE_NAME).ComplicationController";
				INFOPLIST_KEY_NSHumanReadableCopyright = "";
				INFOPLIST_KEY_WKWatchOnly = YES;
				LD_RUNPATH_SEARCH_PATHS = (
					"$(inherited)",
					"@executable_path/Frameworks",
					"@executable_path/../../Frameworks",
				);
				MARKETING_VERSION = 1.0;
				PRODUCT_BUNDLE_IDENTIFIER = com.test.WatchOnlyApp.watchkitapp.watchkitextension;
				PRODUCT_NAME = "${TARGET_NAME}";
				SDKROOT = watchos;
				SKIP_INSTALL = YES;
				SWIFT_EMIT_LOC_STRINGS = YES;
				SWIFT_VERSION = 5.0;
				TARGETED_DEVICE_FAMILY = 4;
				WATCHOS_DEPLOYMENT_TARGET = 8.0;
			};
			name = Release;
		};
		31CB4DD327611A9700108A12 /* Debug */ = {
			isa = XCBuildConfiguration;
			buildSettings = {
				ALWAYS_EMBED_SWIFT_STANDARD_LIBRARIES = YES;
				ASSETCATALOG_COMPILER_APPICON_NAME = AppIcon;
				ASSETCATALOG_COMPILER_GLOBAL_ACCENT_COLOR_NAME = AccentColor;
				CODE_SIGN_STYLE = Automatic;
				CURRENT_PROJECT_VERSION = 1;
				DEVELOPMENT_TEAM = KUN9FDAF5L;
				GENERATE_INFOPLIST_FILE = YES;
				IBSC_MODULE = WatchOnlyApp_WatchKit_Extension;
				INFOPLIST_KEY_CFBundleDisplayName = "WatchOnlyApp WatchKit App";
				INFOPLIST_KEY_UISupportedInterfaceOrientations = "UIInterfaceOrientationPortrait UIInterfaceOrientationPortraitUpsideDown";
				MARKETING_VERSION = 1.0;
				PRODUCT_BUNDLE_IDENTIFIER = com.test.WatchOnlyApp.watchkitapp;
				PRODUCT_NAME = "$(TARGET_NAME)";
				SDKROOT = watchos;
				SKIP_INSTALL = YES;
				SWIFT_EMIT_LOC_STRINGS = YES;
				SWIFT_VERSION = 5.0;
				TARGETED_DEVICE_FAMILY = 4;
				WATCHOS_DEPLOYMENT_TARGET = 8.0;
			};
			name = Debug;
		};
		31CB4DD427611A9700108A12 /* Release */ = {
			isa = XCBuildConfiguration;
			buildSettings = {
				ALWAYS_EMBED_SWIFT_STANDARD_LIBRARIES = YES;
				ASSETCATALOG_COMPILER_APPICON_NAME = AppIcon;
				ASSETCATALOG_COMPILER_GLOBAL_ACCENT_COLOR_NAME = AccentColor;
				CODE_SIGN_STYLE = Automatic;
				CURRENT_PROJECT_VERSION = 1;
				DEVELOPMENT_TEAM = KUN9FDAF5L;
				GENERATE_INFOPLIST_FILE = YES;
				IBSC_MODULE = WatchOnlyApp_WatchKit_Extension;
				INFOPLIST_KEY_CFBundleDisplayName = "WatchOnlyApp WatchKit App";
				INFOPLIST_KEY_UISupportedInterfaceOrientations = "UIInterfaceOrientationPortrait UIInterfaceOrientationPortraitUpsideDown";
				MARKETING_VERSION = 1.0;
				PRODUCT_BUNDLE_IDENTIFIER = com.test.WatchOnlyApp.watchkitapp;
				PRODUCT_NAME = "$(TARGET_NAME)";
				SDKROOT = watchos;
				SKIP_INSTALL = YES;
				SWIFT_EMIT_LOC_STRINGS = YES;
				SWIFT_VERSION = 5.0;
				TARGETED_DEVICE_FAMILY = 4;
				WATCHOS_DEPLOYMENT_TARGET = 8.0;
			};
			name = Release;
		};
		31CB4DD727611A9700108A12 /* Debug */ = {
			isa = XCBuildConfiguration;
			buildSettings = {
				CODE_SIGN_STYLE = Automatic;
				CURRENT_PROJECT_VERSION = 1;
				DEVELOPMENT_TEAM = KUN9FDAF5L;
				MARKETING_VERSION = 1.0;
				PRODUCT_BUNDLE_IDENTIFIER = com.test.WatchOnlyApp;
				PRODUCT_NAME = "$(TARGET_NAME)";
				SWIFT_VERSION = 5.0;
			};
			name = Debug;
		};
		31CB4DD827611A9700108A12 /* Release */ = {
			isa = XCBuildConfiguration;
			buildSettings = {
				CODE_SIGN_STYLE = Automatic;
				CURRENT_PROJECT_VERSION = 1;
				DEVELOPMENT_TEAM = KUN9FDAF5L;
				MARKETING_VERSION = 1.0;
				PRODUCT_BUNDLE_IDENTIFIER = com.test.WatchOnlyApp;
				PRODUCT_NAME = "$(TARGET_NAME)";
				SWIFT_VERSION = 5.0;
			};
			name = Release;
		};
		31CB4DDA27611A9700108A12 /* Debug */ = {
			isa = XCBuildConfiguration;
			buildSettings = {
				ALWAYS_EMBED_SWIFT_STANDARD_LIBRARIES = YES;
				BUNDLE_LOADER = "$(TEST_HOST)";
				CODE_SIGN_STYLE = Automatic;
				CURRENT_PROJECT_VERSION = 1;
				DEVELOPMENT_TEAM = KUN9FDAF5L;
				GENERATE_INFOPLIST_FILE = YES;
				LD_RUNPATH_SEARCH_PATHS = (
					"$(inherited)",
					"@executable_path/Frameworks",
					"@loader_path/Frameworks",
				);
				MARKETING_VERSION = 1.0;
				PRODUCT_BUNDLE_IDENTIFIER = com.test.WatchOnlyAppTests;
				PRODUCT_NAME = "$(TARGET_NAME)";
				SDKROOT = watchos;
				SWIFT_EMIT_LOC_STRINGS = NO;
				SWIFT_VERSION = 5.0;
				TARGETED_DEVICE_FAMILY = 4;
				TEST_HOST = "$(BUILT_PRODUCTS_DIR)/WatchOnlyApp WatchKit Extension.appex/WatchOnlyApp WatchKit Extension";
				WATCHOS_DEPLOYMENT_TARGET = 8.0;
			};
			name = Debug;
		};
		31CB4DDB27611A9700108A12 /* Release */ = {
			isa = XCBuildConfiguration;
			buildSettings = {
				ALWAYS_EMBED_SWIFT_STANDARD_LIBRARIES = YES;
				BUNDLE_LOADER = "$(TEST_HOST)";
				CODE_SIGN_STYLE = Automatic;
				CURRENT_PROJECT_VERSION = 1;
				DEVELOPMENT_TEAM = KUN9FDAF5L;
				GENERATE_INFOPLIST_FILE = YES;
				LD_RUNPATH_SEARCH_PATHS = (
					"$(inherited)",
					"@executable_path/Frameworks",
					"@loader_path/Frameworks",
				);
				MARKETING_VERSION = 1.0;
				PRODUCT_BUNDLE_IDENTIFIER = com.test.WatchOnlyAppTests;
				PRODUCT_NAME = "$(TARGET_NAME)";
				SDKROOT = watchos;
				SWIFT_EMIT_LOC_STRINGS = NO;
				SWIFT_VERSION = 5.0;
				TARGETED_DEVICE_FAMILY = 4;
				TEST_HOST = "$(BUILT_PRODUCTS_DIR)/WatchOnlyApp WatchKit Extension.appex/WatchOnlyApp WatchKit Extension";
				WATCHOS_DEPLOYMENT_TARGET = 8.0;
			};
			name = Release;
		};
		31CB4DDD27611A9700108A12 /* Debug */ = {
			isa = XCBuildConfiguration;
			buildSettings = {
				CODE_SIGN_STYLE = Automatic;
				CURRENT_PROJECT_VERSION = 1;
				DEVELOPMENT_TEAM = KUN9FDAF5L;
				GENERATE_INFOPLIST_FILE = YES;
				LD_RUNPATH_SEARCH_PATHS = (
					"$(inherited)",
					"@executable_path/Frameworks",
					"@loader_path/Frameworks",
				);
				MARKETING_VERSION = 1.0;
				PRODUCT_BUNDLE_IDENTIFIER = com.test.WatchOnlyAppUITests;
				PRODUCT_NAME = "$(TARGET_NAME)";
				SDKROOT = watchos;
				SWIFT_EMIT_LOC_STRINGS = NO;
				SWIFT_VERSION = 5.0;
				TARGETED_DEVICE_FAMILY = 4;
				TEST_TARGET_NAME = "WatchOnlyApp WatchKit App";
				WATCHOS_DEPLOYMENT_TARGET = 8.0;
			};
			name = Debug;
		};
		31CB4DDE27611A9700108A12 /* Release */ = {
			isa = XCBuildConfiguration;
			buildSettings = {
				CODE_SIGN_STYLE = Automatic;
				CURRENT_PROJECT_VERSION = 1;
				DEVELOPMENT_TEAM = KUN9FDAF5L;
				GENERATE_INFOPLIST_FILE = YES;
				LD_RUNPATH_SEARCH_PATHS = (
					"$(inherited)",
					"@executable_path/Frameworks",
					"@loader_path/Frameworks",
				);
				MARKETING_VERSION = 1.0;
				PRODUCT_BUNDLE_IDENTIFIER = com.test.WatchOnlyAppUITests;
				PRODUCT_NAME = "$(TARGET_NAME)";
				SDKROOT = watchos;
				SWIFT_EMIT_LOC_STRINGS = NO;
				SWIFT_VERSION = 5.0;
				TARGETED_DEVICE_FAMILY = 4;
				TEST_TARGET_NAME = "WatchOnlyApp WatchKit App";
				WATCHOS_DEPLOYMENT_TARGET = 8.0;
			};
			name = Release;
		};
/* End XCBuildConfiguration section */

/* Begin XCConfigurationList section */
		31CB4D8E27611A9400108A12 /* Build configuration list for PBXProject "WatchOnlyApp" */ = {
			isa = XCConfigurationList;
			buildConfigurations = (
				31CB4DCC27611A9700108A12 /* Debug */,
				31CB4DCD27611A9700108A12 /* Release */,
			);
			defaultConfigurationIsVisible = 0;
			defaultConfigurationName = Release;
		};
		31CB4DCE27611A9700108A12 /* Build configuration list for PBXNativeTarget "WatchOnlyApp WatchKit Extension" */ = {
			isa = XCConfigurationList;
			buildConfigurations = (
				31CB4DCF27611A9700108A12 /* Debug */,
				31CB4DD027611A9700108A12 /* Release */,
			);
			defaultConfigurationIsVisible = 0;
			defaultConfigurationName = Release;
		};
		31CB4DD227611A9700108A12 /* Build configuration list for PBXNativeTarget "WatchOnlyApp WatchKit App" */ = {
			isa = XCConfigurationList;
			buildConfigurations = (
				31CB4DD327611A9700108A12 /* Debug */,
				31CB4DD427611A9700108A12 /* Release */,
			);
			defaultConfigurationIsVisible = 0;
			defaultConfigurationName = Release;
		};
		31CB4DD627611A9700108A12 /* Build configuration list for PBXNativeTarget "WatchOnlyApp" */ = {
			isa = XCConfigurationList;
			buildConfigurations = (
				31CB4DD727611A9700108A12 /* Debug */,
				31CB4DD827611A9700108A12 /* Release */,
			);
			defaultConfigurationIsVisible = 0;
			defaultConfigurationName = Release;
		};
		31CB4DD927611A9700108A12 /* Build configuration list for PBXNativeTarget "WatchOnlyAppTests" */ = {
			isa = XCConfigurationList;
			buildConfigurations = (
				31CB4DDA27611A9700108A12 /* Debug */,
				31CB4DDB27611A9700108A12 /* Release */,
			);
			defaultConfigurationIsVisible = 0;
			defaultConfigurationName = Release;
		};
		31CB4DDC27611A9700108A12 /* Build configuration list for PBXNativeTarget "WatchOnlyAppUITests" */ = {
			isa = XCConfigurationList;
			buildConfigurations = (
				31CB4DDD27611A9700108A12 /* Debug */,
				31CB4DDE27611A9700108A12 /* Release */,
			);
			defaultConfigurationIsVisible = 0;
			defaultConfigurationName = Release;
		};
/* End XCConfigurationList section */
	};
	rootObject = 31CB4D8B27611A9400108A12 /* Project object */;
}
